
Microsoft Visual Studio Solution File, Format Version 12.00
# Visual Studio Version 17
VisualStudioVersion = 17.7.34031.279
MinimumVisualStudioVersion = 10.0.40219.1
Project("{8BC9CEB8-8B4A-11D0-8D11-00A0C91BC942}") = "Sem2_Stack", "Sem2_Stack\Sem2_Stack.vcxproj", "{95DD526A-B728-47F6-B9E4-4C3BD3BEFDBD}"
EndProject
Global
	GlobalSection(SolutionConfigurationPlatforms) = preSolution
		Debug|x64 = Debug|x64
		Debug|x86 = Debug|x86
		Release|x64 = Release|x64
		Release|x86 = Release|x86
	EndGlobalSection
	GlobalSection(ProjectConfigurationPlatforms) = postSolution
		{95DD526A-B728-47F6-B9E4-4C3BD3BEFDBD}.Debug|x64.ActiveCfg = Debug|x64
		{95DD526A-B728-47F6-B9E4-4C3BD3BEFDBD}.Debug|x64.Build.0 = Debug|x64
		{95DD526A-B728-47F6-B9E4-4C3BD3BEFDBD}.Debug|x86.ActiveCfg = Debug|Win32
		{95DD526A-B728-47F6-B9E4-4C3BD3BEFDBD}.Debug|x86.Build.0 = Debug|Win32
		{95DD526A-B728-47F6-B9E4-4C3BD3BEFDBD}.Release|x64.ActiveCfg = Release|x64
		{95DD526A-B728-47F6-B9E4-4C3BD3BEFDBD}.Release|x64.Build.0 = Release|x64
		{95DD526A-B728-47F6-B9E4-4C3BD3BEFDBD}.Release|x86.ActiveCfg = Release|Win32
		{95DD526A-B728-47F6-B9E4-4C3BD3BEFDBD}.Release|x86.Build.0 = Release|Win32
	EndGlobalSection
	GlobalSection(SolutionProperties) = preSolution
		HideSolutionNode = FALSE
	EndGlobalSection
	GlobalSection(ExtensibilityGlobals) = postSolution
		SolutionGuid = {4FE8610C-1D99-4D5F-8295-1CA01B3558B3}
	EndGlobalSection
EndGlobal
